
Microsoft Visual Studio Solution File, Format Version 12.00
# Visual Studio Version 16
VisualStudioVersion = 16.0.29911.84
MinimumVisualStudioVersion = 10.0.40219.1
Project("{FAE04EC0-301F-11D3-BF4B-00C04F79EFBC}") = "FirstApi", "FirstApi\FirstApi.csproj", "{C894A86E-0193-4FB4-8E7E-F46D5CA18B50}"
EndProject
Global
	GlobalSection(SolutionConfigurationPlatforms) = preSolution
		Debug|Any CPU = Debug|Any CPU
		Release|Any CPU = Release|Any CPU
	EndGlobalSection
	GlobalSection(ProjectConfigurationPlatforms) = postSolution
		{C894A86E-0193-4FB4-8E7E-F46D5CA18B50}.Debug|Any CPU.ActiveCfg = Debug|Any CPU
		{C894A86E-0193-4FB4-8E7E-F46D5CA18B50}.Debug|Any CPU.Build.0 = Debug|Any CPU
		{C894A86E-0193-4FB4-8E7E-F46D5CA18B50}.Release|Any CPU.ActiveCfg = Release|Any CPU
		{C894A86E-0193-4FB4-8E7E-F46D5CA18B50}.Release|Any CPU.Build.0 = Release|Any CPU
	EndGlobalSection
	GlobalSection(SolutionProperties) = preSolution
		HideSolutionNode = FALSE
	EndGlobalSection
	GlobalSection(ExtensibilityGlobals) = postSolution
		SolutionGuid = {FB200A26-7458-41D6-ADAD-0C10A21616CE}
	EndGlobalSection
EndGlobal
